
Microsoft Visual Studio Solution File, Format Version 12.00
# Visual Studio 15
VisualStudioVersion = 15.0.26730.16
MinimumVisualStudioVersion = 10.0.40219.1
Project("{FAE04EC0-301F-11D3-BF4B-00C04F79EFBC}") = "Swampnet.Services", "Swampnet.Services\Swampnet.Services.csproj", "{61B0E23D-7A58-493D-93DD-CE416E54DA95}"
EndProject
Global
	GlobalSection(SolutionConfigurationPlatforms) = preSolution
		Debug|Any CPU = Debug|Any CPU
		Release|Any CPU = Release|Any CPU
	EndGlobalSection
	GlobalSection(ProjectConfigurationPlatforms) = postSolution
		{61B0E23D-7A58-493D-93DD-CE416E54DA95}.Debug|Any CPU.ActiveCfg = Debug|Any CPU
		{61B0E23D-7A58-493D-93DD-CE416E54DA95}.Debug|Any CPU.Build.0 = Debug|Any CPU
		{61B0E23D-7A58-493D-93DD-CE416E54DA95}.Release|Any CPU.ActiveCfg = Release|Any CPU
		{61B0E23D-7A58-493D-93DD-CE416E54DA95}.Release|Any CPU.Build.0 = Release|Any CPU
	EndGlobalSection
	GlobalSection(SolutionProperties) = preSolution
		HideSolutionNode = FALSE
	EndGlobalSection
	GlobalSection(ExtensibilityGlobals) = postSolution
		SolutionGuid = {CBF67E85-06DC-48D6-9120-ABF332925DD5}
	EndGlobalSection
EndGlobal
