
Microsoft Visual Studio Solution File, Format Version 12.00
# Visual Studio 15
VisualStudioVersion = 15.0.27130.2024
MinimumVisualStudioVersion = 10.0.40219.1
Project("{9A19103F-16F7-4668-BE54-9A1E7A4F7556}") = "Swampnet.Services", "Swampnet.Services\Swampnet.Services.csproj", "{61B0E23D-7A58-493D-93DD-CE416E54DA95}"
EndProject
Project("{9A19103F-16F7-4668-BE54-9A1E7A4F7556}") = "Swampnet.Services.Books", "Swampnet.Services.Books\Swampnet.Services.Books.csproj", "{00CCD123-7D81-424B-84AE-D538FC1D9BA1}"
EndProject
Project("{9A19103F-16F7-4668-BE54-9A1E7A4F7556}") = "Swampnet.Services.Images", "Swampnet.Services.Images\Swampnet.Services.Images.csproj", "{2384B226-AA67-42DC-A30B-7B3AD26E4189}"
EndProject
Project("{2150E333-8FDC-42A3-9474-1A3956D46DE8}") = "Tests", "Tests", "{EF5E3E41-68E6-40D8-A5FC-0A193FFCB179}"
EndProject
Project("{9A19103F-16F7-4668-BE54-9A1E7A4F7556}") = "Swampnet.Services.UnitTests", "Tests\Swampnet.Services.UnitTests\Swampnet.Services.UnitTests.csproj", "{D57C5DBD-553A-49A9-8D74-74EE897940BA}"
EndProject
Project("{9A19103F-16F7-4668-BE54-9A1E7A4F7556}") = "Swampnet.Services.Shared", "Swampnet.Services.Shared\Swampnet.Services.Shared.csproj", "{FCBE3A1D-59D3-48A6-8D94-B89DA2261883}"
EndProject
Project("{2150E333-8FDC-42A3-9474-1A3956D46DE8}") = "Solution Items", "Solution Items", "{A45672FD-34B7-4701-AC0A-D4B808D9419E}"
	ProjectSection(SolutionItems) = preProject
		README.md = README.md
	EndProjectSection
EndProject
Project("{FAE04EC0-301F-11D3-BF4B-00C04F79EFBC}") = "Swampnet.Services.Files", "Swampnet.Services.Files\Swampnet.Services.Files.csproj", "{2D8333EA-E087-40F6-AF75-BF4CB7E79DBF}"
EndProject
Global
	GlobalSection(SolutionConfigurationPlatforms) = preSolution
		Debug|Any CPU = Debug|Any CPU
		Release|Any CPU = Release|Any CPU
	EndGlobalSection
	GlobalSection(ProjectConfigurationPlatforms) = postSolution
		{61B0E23D-7A58-493D-93DD-CE416E54DA95}.Debug|Any CPU.ActiveCfg = Debug|Any CPU
		{61B0E23D-7A58-493D-93DD-CE416E54DA95}.Debug|Any CPU.Build.0 = Debug|Any CPU
		{61B0E23D-7A58-493D-93DD-CE416E54DA95}.Release|Any CPU.ActiveCfg = Release|Any CPU
		{61B0E23D-7A58-493D-93DD-CE416E54DA95}.Release|Any CPU.Build.0 = Release|Any CPU
		{00CCD123-7D81-424B-84AE-D538FC1D9BA1}.Debug|Any CPU.ActiveCfg = Debug|Any CPU
		{00CCD123-7D81-424B-84AE-D538FC1D9BA1}.Debug|Any CPU.Build.0 = Debug|Any CPU
		{00CCD123-7D81-424B-84AE-D538FC1D9BA1}.Release|Any CPU.ActiveCfg = Release|Any CPU
		{00CCD123-7D81-424B-84AE-D538FC1D9BA1}.Release|Any CPU.Build.0 = Release|Any CPU
		{2384B226-AA67-42DC-A30B-7B3AD26E4189}.Debug|Any CPU.ActiveCfg = Debug|Any CPU
		{2384B226-AA67-42DC-A30B-7B3AD26E4189}.Debug|Any CPU.Build.0 = Debug|Any CPU
		{2384B226-AA67-42DC-A30B-7B3AD26E4189}.Release|Any CPU.ActiveCfg = Release|Any CPU
		{2384B226-AA67-42DC-A30B-7B3AD26E4189}.Release|Any CPU.Build.0 = Release|Any CPU
		{D57C5DBD-553A-49A9-8D74-74EE897940BA}.Debug|Any CPU.ActiveCfg = Debug|Any CPU
		{D57C5DBD-553A-49A9-8D74-74EE897940BA}.Debug|Any CPU.Build.0 = Debug|Any CPU
		{D57C5DBD-553A-49A9-8D74-74EE897940BA}.Release|Any CPU.ActiveCfg = Release|Any CPU
		{D57C5DBD-553A-49A9-8D74-74EE897940BA}.Release|Any CPU.Build.0 = Release|Any CPU
		{FCBE3A1D-59D3-48A6-8D94-B89DA2261883}.Debug|Any CPU.ActiveCfg = Debug|Any CPU
		{FCBE3A1D-59D3-48A6-8D94-B89DA2261883}.Debug|Any CPU.Build.0 = Debug|Any CPU
		{FCBE3A1D-59D3-48A6-8D94-B89DA2261883}.Release|Any CPU.ActiveCfg = Release|Any CPU
		{FCBE3A1D-59D3-48A6-8D94-B89DA2261883}.Release|Any CPU.Build.0 = Release|Any CPU
		{2D8333EA-E087-40F6-AF75-BF4CB7E79DBF}.Debug|Any CPU.ActiveCfg = Debug|Any CPU
		{2D8333EA-E087-40F6-AF75-BF4CB7E79DBF}.Debug|Any CPU.Build.0 = Debug|Any CPU
		{2D8333EA-E087-40F6-AF75-BF4CB7E79DBF}.Release|Any CPU.ActiveCfg = Release|Any CPU
		{2D8333EA-E087-40F6-AF75-BF4CB7E79DBF}.Release|Any CPU.Build.0 = Release|Any CPU
	EndGlobalSection
	GlobalSection(SolutionProperties) = preSolution
		HideSolutionNode = FALSE
	EndGlobalSection
	GlobalSection(NestedProjects) = preSolution
		{D57C5DBD-553A-49A9-8D74-74EE897940BA} = {EF5E3E41-68E6-40D8-A5FC-0A193FFCB179}
	EndGlobalSection
	GlobalSection(ExtensibilityGlobals) = postSolution
		SolutionGuid = {CBF67E85-06DC-48D6-9120-ABF332925DD5}
	EndGlobalSection
EndGlobal
